// !$*UTF8*$!
{
	archiveVersion = 1;
	classes = {
	};
	objectVersion = 56;
	objects = {

/* Begin PBXBuildFile section */
		B379FA292A6F3406001B39E3 /* GoTAppApp.swift in Sources */ = {isa = PBXBuildFile; fileRef = B379FA282A6F3406001B39E3 /* GoTAppApp.swift */; };
		B379FA2D2A6F3407001B39E3 /* Assets.xcassets in Resources */ = {isa = PBXBuildFile; fileRef = B379FA2C2A6F3407001B39E3 /* Assets.xcassets */; };
		B379FA302A6F3407001B39E3 /* Preview Assets.xcassets in Resources */ = {isa = PBXBuildFile; fileRef = B379FA2F2A6F3407001B39E3 /* Preview Assets.xcassets */; };
		B37ADAFC2A6F3C7B00AC8587 /* HomeScreen.swift in Sources */ = {isa = PBXBuildFile; fileRef = B37ADAFB2A6F3C7B00AC8587 /* HomeScreen.swift */; };
		B37ADAFE2A6F3CD000AC8587 /* HomeScreenViewModel.swift in Sources */ = {isa = PBXBuildFile; fileRef = B37ADAFD2A6F3CD000AC8587 /* HomeScreenViewModel.swift */; };
		B37ADB002A6F3D0700AC8587 /* HouseResponse.swift in Sources */ = {isa = PBXBuildFile; fileRef = B37ADAFF2A6F3D0700AC8587 /* HouseResponse.swift */; };
		B37ADB022A6F3F0C00AC8587 /* DetailScreen.swift in Sources */ = {isa = PBXBuildFile; fileRef = B37ADB012A6F3F0C00AC8587 /* DetailScreen.swift */; };
		B37ADB052A7092C200AC8587 /* SplashScreen.swift in Sources */ = {isa = PBXBuildFile; fileRef = B37ADB042A7092C200AC8587 /* SplashScreen.swift */; };
		B37ADB0B2A717D5F00AC8587 /* NetworkManager.swift in Sources */ = {isa = PBXBuildFile; fileRef = B37ADB0A2A717D5F00AC8587 /* NetworkManager.swift */; };
		B37ADB0E2A717D8F00AC8587 /* NetworkError.swift in Sources */ = {isa = PBXBuildFile; fileRef = B37ADB0D2A717D8F00AC8587 /* NetworkError.swift */; };
		B37ADB102A717DD600AC8587 /* Endpoint.swift in Sources */ = {isa = PBXBuildFile; fileRef = B37ADB0F2A717DD600AC8587 /* Endpoint.swift */; };
		B37ADB142A73040300AC8587 /* DetailScreenViewModel.swift in Sources */ = {isa = PBXBuildFile; fileRef = B37ADB132A73040300AC8587 /* DetailScreenViewModel.swift */; };
		B3D6999C2A75467900F71165 /* OverlordResponse.swift in Sources */ = {isa = PBXBuildFile; fileRef = B3D6999B2A75467900F71165 /* OverlordResponse.swift */; };
		B3D6999E2A770C6A00F71165 /* CharacterResponse.swift in Sources */ = {isa = PBXBuildFile; fileRef = B3D6999D2A770C6A00F71165 /* CharacterResponse.swift */; };
		B3D699A52A79A74500F71165 /* SearchBar.swift in Sources */ = {isa = PBXBuildFile; fileRef = B3D699A42A79A74500F71165 /* SearchBar.swift */; };
/* End PBXBuildFile section */

/* Begin PBXFileReference section */
		B379FA252A6F3406001B39E3 /* GoTApp.app */ = {isa = PBXFileReference; explicitFileType = wrapper.application; includeInIndex = 0; path = GoTApp.app; sourceTree = BUILT_PRODUCTS_DIR; };
		B379FA282A6F3406001B39E3 /* GoTAppApp.swift */ = {isa = PBXFileReference; lastKnownFileType = sourcecode.swift; path = GoTAppApp.swift; sourceTree = "<group>"; };
		B379FA2C2A6F3407001B39E3 /* Assets.xcassets */ = {isa = PBXFileReference; lastKnownFileType = folder.assetcatalog; path = Assets.xcassets; sourceTree = "<group>"; };
		B379FA2F2A6F3407001B39E3 /* Preview Assets.xcassets */ = {isa = PBXFileReference; lastKnownFileType = folder.assetcatalog; path = "Preview Assets.xcassets"; sourceTree = "<group>"; };
		B37ADAFB2A6F3C7B00AC8587 /* HomeScreen.swift */ = {isa = PBXFileReference; lastKnownFileType = sourcecode.swift; path = HomeScreen.swift; sourceTree = "<group>"; };
		B37ADAFD2A6F3CD000AC8587 /* HomeScreenViewModel.swift */ = {isa = PBXFileReference; lastKnownFileType = sourcecode.swift; path = HomeScreenViewModel.swift; sourceTree = "<group>"; };
		B37ADAFF2A6F3D0700AC8587 /* HouseResponse.swift */ = {isa = PBXFileReference; lastKnownFileType = sourcecode.swift; path = HouseResponse.swift; sourceTree = "<group>"; };
		B37ADB012A6F3F0C00AC8587 /* DetailScreen.swift */ = {isa = PBXFileReference; lastKnownFileType = sourcecode.swift; path = DetailScreen.swift; sourceTree = "<group>"; };
		B37ADB042A7092C200AC8587 /* SplashScreen.swift */ = {isa = PBXFileReference; lastKnownFileType = sourcecode.swift; path = SplashScreen.swift; sourceTree = "<group>"; };
		B37ADB0A2A717D5F00AC8587 /* NetworkManager.swift */ = {isa = PBXFileReference; lastKnownFileType = sourcecode.swift; path = NetworkManager.swift; sourceTree = "<group>"; };
		B37ADB0D2A717D8F00AC8587 /* NetworkError.swift */ = {isa = PBXFileReference; lastKnownFileType = sourcecode.swift; path = NetworkError.swift; sourceTree = "<group>"; };
		B37ADB0F2A717DD600AC8587 /* Endpoint.swift */ = {isa = PBXFileReference; lastKnownFileType = sourcecode.swift; path = Endpoint.swift; sourceTree = "<group>"; };
		B37ADB132A73040300AC8587 /* DetailScreenViewModel.swift */ = {isa = PBXFileReference; lastKnownFileType = sourcecode.swift; path = DetailScreenViewModel.swift; sourceTree = "<group>"; };
		B3D6999B2A75467900F71165 /* OverlordResponse.swift */ = {isa = PBXFileReference; lastKnownFileType = sourcecode.swift; path = OverlordResponse.swift; sourceTree = "<group>"; };
		B3D6999D2A770C6A00F71165 /* CharacterResponse.swift */ = {isa = PBXFileReference; lastKnownFileType = sourcecode.swift; path = CharacterResponse.swift; sourceTree = "<group>"; };
		B3D699A42A79A74500F71165 /* SearchBar.swift */ = {isa = PBXFileReference; lastKnownFileType = sourcecode.swift; path = SearchBar.swift; sourceTree = "<group>"; };
/* End PBXFileReference section */

/* Begin PBXFrameworksBuildPhase section */
		B379FA222A6F3406001B39E3 /* Frameworks */ = {
			isa = PBXFrameworksBuildPhase;
			buildActionMask = 2147483647;
			files = (
			);
			runOnlyForDeploymentPostprocessing = 0;
		};
/* End PBXFrameworksBuildPhase section */

/* Begin PBXGroup section */
		B379FA1C2A6F3406001B39E3 = {
			isa = PBXGroup;
			children = (
				B379FA272A6F3406001B39E3 /* GoTApp */,
				B379FA262A6F3406001B39E3 /* Products */,
			);
			sourceTree = "<group>";
		};
		B379FA262A6F3406001B39E3 /* Products */ = {
			isa = PBXGroup;
			children = (
				B379FA252A6F3406001B39E3 /* GoTApp.app */,
			);
			name = Products;
			sourceTree = "<group>";
		};
		B379FA272A6F3406001B39E3 /* GoTApp */ = {
			isa = PBXGroup;
			children = (
				B37ADB062A717D3000AC8587 /* Network */,
				B37ADAF42A6F3C0100AC8587 /* Scenes */,
				B379FA282A6F3406001B39E3 /* GoTAppApp.swift */,
				B379FA2C2A6F3407001B39E3 /* Assets.xcassets */,
				B379FA2E2A6F3407001B39E3 /* Preview Content */,
			);
			path = GoTApp;
			sourceTree = "<group>";
		};
		B379FA2E2A6F3407001B39E3 /* Preview Content */ = {
			isa = PBXGroup;
			children = (
				B379FA2F2A6F3407001B39E3 /* Preview Assets.xcassets */,
			);
			path = "Preview Content";
			sourceTree = "<group>";
		};
		B37ADAF42A6F3C0100AC8587 /* Scenes */ = {
			isa = PBXGroup;
			children = (
				B37ADB032A7092AC00AC8587 /* Splash */,
				B37ADAF52A6F3C0600AC8587 /* Home */,
				B37ADAF62A6F3C1200AC8587 /* Detail */,
			);
			path = Scenes;
			sourceTree = "<group>";
		};
		B37ADAF52A6F3C0600AC8587 /* Home */ = {
			isa = PBXGroup;
			children = (
				B37ADAFB2A6F3C7B00AC8587 /* HomeScreen.swift */,
				B37ADAFD2A6F3CD000AC8587 /* HomeScreenViewModel.swift */,
				B3D699A42A79A74500F71165 /* SearchBar.swift */,
			);
			path = Home;
			sourceTree = "<group>";
		};
		B37ADAF62A6F3C1200AC8587 /* Detail */ = {
			isa = PBXGroup;
			children = (
				B37ADB012A6F3F0C00AC8587 /* DetailScreen.swift */,
				B37ADB132A73040300AC8587 /* DetailScreenViewModel.swift */,
			);
			path = Detail;
			sourceTree = "<group>";
		};
		B37ADB032A7092AC00AC8587 /* Splash */ = {
			isa = PBXGroup;
			children = (
				B37ADB042A7092C200AC8587 /* SplashScreen.swift */,
			);
			path = Splash;
			sourceTree = "<group>";
		};
		B37ADB062A717D3000AC8587 /* Network */ = {
			isa = PBXGroup;
			children = (
				B37ADB092A717D4400AC8587 /* Helper */,
				B37ADB082A717D3F00AC8587 /* Common */,
				B37ADB072A717D3800AC8587 /* Models */,
			);
			path = Network;
			sourceTree = "<group>";
		};
		B37ADB072A717D3800AC8587 /* Models */ = {
			isa = PBXGroup;
			children = (
				B37ADB0C2A717D6F00AC8587 /* Response */,
			);
			path = Models;
			sourceTree = "<group>";
		};
		B37ADB082A717D3F00AC8587 /* Common */ = {
			isa = PBXGroup;
			children = (
				B37ADB0A2A717D5F00AC8587 /* NetworkManager.swift */,
			);
			path = Common;
			sourceTree = "<group>";
		};
		B37ADB092A717D4400AC8587 /* Helper */ = {
			isa = PBXGroup;
			children = (
				B37ADB0D2A717D8F00AC8587 /* NetworkError.swift */,
				B37ADB0F2A717DD600AC8587 /* Endpoint.swift */,
			);
			path = Helper;
			sourceTree = "<group>";
		};
		B37ADB0C2A717D6F00AC8587 /* Response */ = {
			isa = PBXGroup;
			children = (
				B37ADAFF2A6F3D0700AC8587 /* HouseResponse.swift */,
				B3D6999B2A75467900F71165 /* OverlordResponse.swift */,
				B3D6999D2A770C6A00F71165 /* CharacterResponse.swift */,
			);
			path = Response;
			sourceTree = "<group>";
		};
		B3D6999F2A78303B00F71165 /* CharacterDetail */ = {
			isa = PBXGroup;
			children = (
				B3D699A02A78305B00F71165 /* CharacterDetailScreen.swift */,
				B3D699A22A78306800F71165 /* CharacterDetailViewModel.swift */,
			);
			path = CharacterDetail;
			sourceTree = "<group>";
		};
/* End PBXGroup section */

/* Begin PBXNativeTarget section */
		B379FA242A6F3406001B39E3 /* GoTApp */ = {
			isa = PBXNativeTarget;
			buildConfigurationList = B379FA332A6F3407001B39E3 /* Build configuration list for PBXNativeTarget "GoTApp" */;
			buildPhases = (
				B379FA212A6F3406001B39E3 /* Sources */,
				B379FA222A6F3406001B39E3 /* Frameworks */,
				B379FA232A6F3406001B39E3 /* Resources */,
			);
			buildRules = (
			);
			dependencies = (
			);
			name = GoTApp;
			productName = GoTApp;
			productReference = B379FA252A6F3406001B39E3 /* GoTApp.app */;
			productType = "com.apple.product-type.application";
		};
/* End PBXNativeTarget section */

/* Begin PBXProject section */
		B379FA1D2A6F3406001B39E3 /* Project object */ = {
			isa = PBXProject;
			attributes = {
				BuildIndependentTargetsInParallel = 1;
				LastSwiftUpdateCheck = 1430;
				LastUpgradeCheck = 1430;
				TargetAttributes = {
					B379FA242A6F3406001B39E3 = {
						CreatedOnToolsVersion = 14.3;
					};
				};
			};
			buildConfigurationList = B379FA202A6F3406001B39E3 /* Build configuration list for PBXProject "GoTApp" */;
			compatibilityVersion = "Xcode 14.0";
			developmentRegion = en;
			hasScannedForEncodings = 0;
			knownRegions = (
				en,
				Base,
			);
			mainGroup = B379FA1C2A6F3406001B39E3;
			productRefGroup = B379FA262A6F3406001B39E3 /* Products */;
			projectDirPath = "";
			projectRoot = "";
			targets = (
				B379FA242A6F3406001B39E3 /* GoTApp */,
			);
		};
/* End PBXProject section */

/* Begin PBXResourcesBuildPhase section */
		B379FA232A6F3406001B39E3 /* Resources */ = {
			isa = PBXResourcesBuildPhase;
			buildActionMask = 2147483647;
			files = (
				B379FA302A6F3407001B39E3 /* Preview Assets.xcassets in Resources */,
				B379FA2D2A6F3407001B39E3 /* Assets.xcassets in Resources */,
			);
			runOnlyForDeploymentPostprocessing = 0;
		};
/* End PBXResourcesBuildPhase section */

/* Begin PBXSourcesBuildPhase section */
		B379FA212A6F3406001B39E3 /* Sources */ = {
			isa = PBXSourcesBuildPhase;
			buildActionMask = 2147483647;
			files = (
				B37ADB052A7092C200AC8587 /* SplashScreen.swift in Sources */,
				B37ADB102A717DD600AC8587 /* Endpoint.swift in Sources */,
				B3D699A52A79A74500F71165 /* SearchBar.swift in Sources */,
				B3D6999E2A770C6A00F71165 /* CharacterResponse.swift in Sources */,
				B37ADB0E2A717D8F00AC8587 /* NetworkError.swift in Sources */,
				B37ADB022A6F3F0C00AC8587 /* DetailScreen.swift in Sources */,
				B379FA292A6F3406001B39E3 /* GoTAppApp.swift in Sources */,
				B3D6999C2A75467900F71165 /* OverlordResponse.swift in Sources */,
				B37ADB0B2A717D5F00AC8587 /* NetworkManager.swift in Sources */,
				B37ADAFE2A6F3CD000AC8587 /* HomeScreenViewModel.swift in Sources */,
				B37ADB002A6F3D0700AC8587 /* HouseResponse.swift in Sources */,
				B37ADAFC2A6F3C7B00AC8587 /* HomeScreen.swift in Sources */,
				B37ADB142A73040300AC8587 /* DetailScreenViewModel.swift in Sources */,
			);
			runOnlyForDeploymentPostprocessing = 0;
		};
/* End PBXSourcesBuildPhase section */

/* Begin XCBuildConfiguration section */
		B379FA312A6F3407001B39E3 /* Debug */ = {
			isa = XCBuildConfiguration;
			buildSettings = {
				ALWAYS_SEARCH_USER_PATHS = NO;
				CLANG_ANALYZER_NONNULL = YES;
				CLANG_ANALYZER_NUMBER_OBJECT_CONVERSION = YES_AGGRESSIVE;
				CLANG_CXX_LANGUAGE_STANDARD = "gnu++20";
				CLANG_ENABLE_MODULES = YES;
				CLANG_ENABLE_OBJC_ARC = YES;
				CLANG_ENABLE_OBJC_WEAK = YES;
				CLANG_WARN_BLOCK_CAPTURE_AUTORELEASING = YES;
				CLANG_WARN_BOOL_CONVERSION = YES;
				CLANG_WARN_COMMA = YES;
				CLANG_WARN_CONSTANT_CONVERSION = YES;
				CLANG_WARN_DEPRECATED_OBJC_IMPLEMENTATIONS = YES;
				CLANG_WARN_DIRECT_OBJC_ISA_USAGE = YES_ERROR;
				CLANG_WARN_DOCUMENTATION_COMMENTS = YES;
				CLANG_WARN_EMPTY_BODY = YES;
				CLANG_WARN_ENUM_CONVERSION = YES;
				CLANG_WARN_INFINITE_RECURSION = YES;
				CLANG_WARN_INT_CONVERSION = YES;
				CLANG_WARN_NON_LITERAL_NULL_CONVERSION = YES;
				CLANG_WARN_OBJC_IMPLICIT_RETAIN_SELF = YES;
				CLANG_WARN_OBJC_LITERAL_CONVERSION = YES;
				CLANG_WARN_OBJC_ROOT_CLASS = YES_ERROR;
				CLANG_WARN_QUOTED_INCLUDE_IN_FRAMEWORK_HEADER = YES;
				CLANG_WARN_RANGE_LOOP_ANALYSIS = YES;
				CLANG_WARN_STRICT_PROTOTYPES = YES;
				CLANG_WARN_SUSPICIOUS_MOVE = YES;
				CLANG_WARN_UNGUARDED_AVAILABILITY = YES_AGGRESSIVE;
				CLANG_WARN_UNREACHABLE_CODE = YES;
				CLANG_WARN__DUPLICATE_METHOD_MATCH = YES;
				COPY_PHASE_STRIP = NO;
				DEBUG_INFORMATION_FORMAT = dwarf;
				ENABLE_STRICT_OBJC_MSGSEND = YES;
				ENABLE_TESTABILITY = YES;
				GCC_C_LANGUAGE_STANDARD = gnu11;
				GCC_DYNAMIC_NO_PIC = NO;
				GCC_NO_COMMON_BLOCKS = YES;
				GCC_OPTIMIZATION_LEVEL = 0;
				GCC_PREPROCESSOR_DEFINITIONS = (
					"DEBUG=1",
					"$(inherited)",
				);
				GCC_WARN_64_TO_32_BIT_CONVERSION = YES;
				GCC_WARN_ABOUT_RETURN_TYPE = YES_ERROR;
				GCC_WARN_UNDECLARED_SELECTOR = YES;
				GCC_WARN_UNINITIALIZED_AUTOS = YES_AGGRESSIVE;
				GCC_WARN_UNUSED_FUNCTION = YES;
				GCC_WARN_UNUSED_VARIABLE = YES;
				IPHONEOS_DEPLOYMENT_TARGET = 16.4;
				MTL_ENABLE_DEBUG_INFO = INCLUDE_SOURCE;
				MTL_FAST_MATH = YES;
				ONLY_ACTIVE_ARCH = YES;
				SDKROOT = iphoneos;
				SWIFT_ACTIVE_COMPILATION_CONDITIONS = DEBUG;
				SWIFT_OPTIMIZATION_LEVEL = "-Onone";
			};
			name = Debug;
		};
		B379FA322A6F3407001B39E3 /* Release */ = {
			isa = XCBuildConfiguration;
			buildSettings = {
				ALWAYS_SEARCH_USER_PATHS = NO;
				CLANG_ANALYZER_NONNULL = YES;
				CLANG_ANALYZER_NUMBER_OBJECT_CONVERSION = YES_AGGRESSIVE;
				CLANG_CXX_LANGUAGE_STANDARD = "gnu++20";
				CLANG_ENABLE_MODULES = YES;
				CLANG_ENABLE_OBJC_ARC = YES;
				CLANG_ENABLE_OBJC_WEAK = YES;
				CLANG_WARN_BLOCK_CAPTURE_AUTORELEASING = YES;
				CLANG_WARN_BOOL_CONVERSION = YES;
				CLANG_WARN_COMMA = YES;
				CLANG_WARN_CONSTANT_CONVERSION = YES;
				CLANG_WARN_DEPRECATED_OBJC_IMPLEMENTATIONS = YES;
				CLANG_WARN_DIRECT_OBJC_ISA_USAGE = YES_ERROR;
				CLANG_WARN_DOCUMENTATION_COMMENTS = YES;
				CLANG_WARN_EMPTY_BODY = YES;
				CLANG_WARN_ENUM_CONVERSION = YES;
				CLANG_WARN_INFINITE_RECURSION = YES;
				CLANG_WARN_INT_CONVERSION = YES;
				CLANG_WARN_NON_LITERAL_NULL_CONVERSION = YES;
				CLANG_WARN_OBJC_IMPLICIT_RETAIN_SELF = YES;
				CLANG_WARN_OBJC_LITERAL_CONVERSION = YES;
				CLANG_WARN_OBJC_ROOT_CLASS = YES_ERROR;
				CLANG_WARN_QUOTED_INCLUDE_IN_FRAMEWORK_HEADER = YES;
				CLANG_WARN_RANGE_LOOP_ANALYSIS = YES;
				CLANG_WARN_STRICT_PROTOTYPES = YES;
				CLANG_WARN_SUSPICIOUS_MOVE = YES;
				CLANG_WARN_UNGUARDED_AVAILABILITY = YES_AGGRESSIVE;
				CLANG_WARN_UNREACHABLE_CODE = YES;
				CLANG_WARN__DUPLICATE_METHOD_MATCH = YES;
				COPY_PHASE_STRIP = NO;
				DEBUG_INFORMATION_FORMAT = "dwarf-with-dsym";
				ENABLE_NS_ASSERTIONS = NO;
				ENABLE_STRICT_OBJC_MSGSEND = YES;
				GCC_C_LANGUAGE_STANDARD = gnu11;
				GCC_NO_COMMON_BLOCKS = YES;
				GCC_WARN_64_TO_32_BIT_CONVERSION = YES;
				GCC_WARN_ABOUT_RETURN_TYPE = YES_ERROR;
				GCC_WARN_UNDECLARED_SELECTOR = YES;
				GCC_WARN_UNINITIALIZED_AUTOS = YES_AGGRESSIVE;
				GCC_WARN_UNUSED_FUNCTION = YES;
				GCC_WARN_UNUSED_VARIABLE = YES;
				IPHONEOS_DEPLOYMENT_TARGET = 16.4;
				MTL_ENABLE_DEBUG_INFO = NO;
				MTL_FAST_MATH = YES;
				SDKROOT = iphoneos;
				SWIFT_COMPILATION_MODE = wholemodule;
				SWIFT_OPTIMIZATION_LEVEL = "-O";
				VALIDATE_PRODUCT = YES;
			};
			name = Release;
		};
		B379FA342A6F3407001B39E3 /* Debug */ = {
			isa = XCBuildConfiguration;
			buildSettings = {
				ASSETCATALOG_COMPILER_APPICON_NAME = AppIcon;
				ASSETCATALOG_COMPILER_GLOBAL_ACCENT_COLOR_NAME = AccentColor;
				CODE_SIGN_STYLE = Automatic;
				CURRENT_PROJECT_VERSION = 1;
				DEVELOPMENT_ASSET_PATHS = "\"GoTApp/Preview Content\"";
				DEVELOPMENT_TEAM = 3VFN5926F6;
				ENABLE_PREVIEWS = YES;
				GENERATE_INFOPLIST_FILE = YES;
				INFOPLIST_KEY_UIApplicationSceneManifest_Generation = YES;
				INFOPLIST_KEY_UIApplicationSupportsIndirectInputEvents = YES;
				INFOPLIST_KEY_UILaunchScreen_Generation = YES;
				INFOPLIST_KEY_UISupportedInterfaceOrientations = UIInterfaceOrientationPortrait;
				INFOPLIST_KEY_UISupportedInterfaceOrientations_iPad = "UIInterfaceOrientationLandscapeLeft UIInterfaceOrientationLandscapeRight UIInterfaceOrientationPortrait UIInterfaceOrientationPortraitUpsideDown";
				IPHONEOS_DEPLOYMENT_TARGET = 14.0;
				LD_RUNPATH_SEARCH_PATHS = (
					"$(inherited)",
					"@executable_path/Frameworks",
				);
				MARKETING_VERSION = 1.0;
				PRODUCT_BUNDLE_IDENTIFIER = com.senakurtak.GoTApp;
				PRODUCT_NAME = "$(TARGET_NAME)";
				SWIFT_EMIT_LOC_STRINGS = YES;
				SWIFT_VERSION = 5.0;
				TARGETED_DEVICE_FAMILY = "1,2";
			};
			name = Debug;
		};
		B379FA352A6F3407001B39E3 /* Release */ = {
			isa = XCBuildConfiguration;
			buildSettings = {
				ASSETCATALOG_COMPILER_APPICON_NAME = AppIcon;
				ASSETCATALOG_COMPILER_GLOBAL_ACCENT_COLOR_NAME = AccentColor;
				CODE_SIGN_STYLE = Automatic;
				CURRENT_PROJECT_VERSION = 1;
				DEVELOPMENT_ASSET_PATHS = "\"GoTApp/Preview Content\"";
				DEVELOPMENT_TEAM = 3VFN5926F6;
				ENABLE_PREVIEWS = YES;
				GENERATE_INFOPLIST_FILE = YES;
				INFOPLIST_KEY_UIApplicationSceneManifest_Generation = YES;
				INFOPLIST_KEY_UIApplicationSupportsIndirectInputEvents = YES;
				INFOPLIST_KEY_UILaunchScreen_Generation = YES;
				INFOPLIST_KEY_UISupportedInterfaceOrientations = UIInterfaceOrientationPortrait;
				INFOPLIST_KEY_UISupportedInterfaceOrientations_iPad = "UIInterfaceOrientationLandscapeLeft UIInterfaceOrientationLandscapeRight UIInterfaceOrientationPortrait UIInterfaceOrientationPortraitUpsideDown";
				IPHONEOS_DEPLOYMENT_TARGET = 14.0;
				LD_RUNPATH_SEARCH_PATHS = (
					"$(inherited)",
					"@executable_path/Frameworks",
				);
				MARKETING_VERSION = 1.0;
				PRODUCT_BUNDLE_IDENTIFIER = com.senakurtak.GoTApp;
				PRODUCT_NAME = "$(TARGET_NAME)";
				SWIFT_EMIT_LOC_STRINGS = YES;
				SWIFT_VERSION = 5.0;
				TARGETED_DEVICE_FAMILY = "1,2";
			};
			name = Release;
		};
/* End XCBuildConfiguration section */

/* Begin XCConfigurationList section */
		B379FA202A6F3406001B39E3 /* Build configuration list for PBXProject "GoTApp" */ = {
			isa = XCConfigurationList;
			buildConfigurations = (
				B379FA312A6F3407001B39E3 /* Debug */,
				B379FA322A6F3407001B39E3 /* Release */,
			);
			defaultConfigurationIsVisible = 0;
			defaultConfigurationName = Release;
		};
		B379FA332A6F3407001B39E3 /* Build configuration list for PBXNativeTarget "GoTApp" */ = {
			isa = XCConfigurationList;
			buildConfigurations = (
				B379FA342A6F3407001B39E3 /* Debug */,
				B379FA352A6F3407001B39E3 /* Release */,
			);
			defaultConfigurationIsVisible = 0;
			defaultConfigurationName = Release;
		};
/* End XCConfigurationList section */
	};
	rootObject = B379FA1D2A6F3406001B39E3 /* Project object */;
}
